
Microsoft Visual Studio Solution File, Format Version 12.00
# Visual Studio Version 16
VisualStudioVersion = 16.0.32002.261
MinimumVisualStudioVersion = 10.0.40219.1
Project("{FAE04EC0-301F-11D3-BF4B-00C04F79EFBC}") = "SyncAPIToDB", "SyncAPIToDB\SyncAPIToDB.csproj", "{BC292E15-D469-4AF5-8829-1CE200F17D19}"
EndProject
Global
	GlobalSection(SolutionConfigurationPlatforms) = preSolution
		Debug|Any CPU = Debug|Any CPU
		Release|Any CPU = Release|Any CPU
	EndGlobalSection
	GlobalSection(ProjectConfigurationPlatforms) = postSolution
		{BC292E15-D469-4AF5-8829-1CE200F17D19}.Debug|Any CPU.ActiveCfg = Debug|Any CPU
		{BC292E15-D469-4AF5-8829-1CE200F17D19}.Debug|Any CPU.Build.0 = Debug|Any CPU
		{BC292E15-D469-4AF5-8829-1CE200F17D19}.Release|Any CPU.ActiveCfg = Release|Any CPU
		{BC292E15-D469-4AF5-8829-1CE200F17D19}.Release|Any CPU.Build.0 = Release|Any CPU
	EndGlobalSection
	GlobalSection(SolutionProperties) = preSolution
		HideSolutionNode = FALSE
	EndGlobalSection
	GlobalSection(ExtensibilityGlobals) = postSolution
		SolutionGuid = {990FDB5F-4107-4660-8B65-4621E5162315}
	EndGlobalSection
EndGlobal
